
Microsoft Visual Studio Solution File, Format Version 12.00
# Visual Studio Version 17
VisualStudioVersion = 17.0.31912.275
MinimumVisualStudioVersion = 10.0.40219.1
Project("{8BC9CEB8-8B4A-11D0-8D11-00A0C91BC942}") = "dinamic arrays", "dinamic arrays\dinamic arrays.vcxproj", "{42FFEB0E-F101-44EC-A954-DAF72B57B12D}"
EndProject
Global
	GlobalSection(SolutionConfigurationPlatforms) = preSolution
		Debug|x64 = Debug|x64
		Debug|x86 = Debug|x86
		Release|x64 = Release|x64
		Release|x86 = Release|x86
	EndGlobalSection
	GlobalSection(ProjectConfigurationPlatforms) = postSolution
		{42FFEB0E-F101-44EC-A954-DAF72B57B12D}.Debug|x64.ActiveCfg = Debug|x64
		{42FFEB0E-F101-44EC-A954-DAF72B57B12D}.Debug|x64.Build.0 = Debug|x64
		{42FFEB0E-F101-44EC-A954-DAF72B57B12D}.Debug|x86.ActiveCfg = Debug|Win32
		{42FFEB0E-F101-44EC-A954-DAF72B57B12D}.Debug|x86.Build.0 = Debug|Win32
		{42FFEB0E-F101-44EC-A954-DAF72B57B12D}.Release|x64.ActiveCfg = Release|x64
		{42FFEB0E-F101-44EC-A954-DAF72B57B12D}.Release|x64.Build.0 = Release|x64
		{42FFEB0E-F101-44EC-A954-DAF72B57B12D}.Release|x86.ActiveCfg = Release|Win32
		{42FFEB0E-F101-44EC-A954-DAF72B57B12D}.Release|x86.Build.0 = Release|Win32
	EndGlobalSection
	GlobalSection(SolutionProperties) = preSolution
		HideSolutionNode = FALSE
	EndGlobalSection
	GlobalSection(ExtensibilityGlobals) = postSolution
		SolutionGuid = {86504ECA-2A34-43E2-8393-F47F750D57A1}
	EndGlobalSection
EndGlobal
